// !$*UTF8*$!
{
	archiveVersion = 1;
	classes = {
	};
	objectVersion = 51;
	objects = {

/* Begin PBXBuildFile section */
		2A919EBF61B832E637F8EEFA /* Pods_CucumberishExampleUITests.framework in Frameworks */ = {isa = PBXBuildFile; fileRef = 7B948370C13A51CB2A34EA20 /* Pods_CucumberishExampleUITests.framework */; };
		2F6D3F0E74883C36F7546B91 /* Pods_CucumberishExample.framework in Frameworks */ = {isa = PBXBuildFile; fileRef = 55FC11EF89D7A9B200FD38CE /* Pods_CucumberishExample.framework */; };
		7A0F9A39EAFA9661BD42D86F /* Pods_CucumberishExampleTests.framework in Frameworks */ = {isa = PBXBuildFile; fileRef = B00EFE1971779F4D72388CB8 /* Pods_CucumberishExampleTests.framework */; };
		89324B4E2459312C002E0DA4 /* AppDelegate.swift in Sources */ = {isa = PBXBuildFile; fileRef = 89324B4D2459312C002E0DA4 /* AppDelegate.swift */; };
		89324B502459312C002E0DA4 /* SceneDelegate.swift in Sources */ = {isa = PBXBuildFile; fileRef = 89324B4F2459312C002E0DA4 /* SceneDelegate.swift */; };
		89324B522459312C002E0DA4 /* ContentView.swift in Sources */ = {isa = PBXBuildFile; fileRef = 89324B512459312C002E0DA4 /* ContentView.swift */; };
		89324B542459312F002E0DA4 /* Assets.xcassets in Resources */ = {isa = PBXBuildFile; fileRef = 89324B532459312F002E0DA4 /* Assets.xcassets */; };
		89324B572459312F002E0DA4 /* Preview Assets.xcassets in Resources */ = {isa = PBXBuildFile; fileRef = 89324B562459312F002E0DA4 /* Preview Assets.xcassets */; };
		89324B5A2459312F002E0DA4 /* LaunchScreen.storyboard in Resources */ = {isa = PBXBuildFile; fileRef = 89324B582459312F002E0DA4 /* LaunchScreen.storyboard */; };
		89324B652459312F002E0DA4 /* CucumberishExampleTests.swift in Sources */ = {isa = PBXBuildFile; fileRef = 89324B642459312F002E0DA4 /* CucumberishExampleTests.swift */; };
		89324B83245935EB002E0DA4 /* Features in Resources */ = {isa = PBXBuildFile; fileRef = 89324B82245935EB002E0DA4 /* Features */; };
		89324B86245935F9002E0DA4 /* CucumberishLoader.m in Sources */ = {isa = PBXBuildFile; fileRef = 89324B85245935F9002E0DA4 /* CucumberishLoader.m */; };
		89324B8824593665002E0DA4 /* CucumberishInitializer.swift in Sources */ = {isa = PBXBuildFile; fileRef = 89324B8724593665002E0DA4 /* CucumberishInitializer.swift */; };
		89324B8C24593FB2002E0DA4 /* ButtonMatchers.swift in Sources */ = {isa = PBXBuildFile; fileRef = 89324B8B24593FB2002E0DA4 /* ButtonMatchers.swift */; };
		89324B8E24594040002E0DA4 /* AllMatchers.swift in Sources */ = {isa = PBXBuildFile; fileRef = 89324B8D24594040002E0DA4 /* AllMatchers.swift */; };
/* End PBXBuildFile section */

/* Begin PBXContainerItemProxy section */
		89324B612459312F002E0DA4 /* PBXContainerItemProxy */ = {
			isa = PBXContainerItemProxy;
			containerPortal = 89324B422459312C002E0DA4 /* Project object */;
			proxyType = 1;
			remoteGlobalIDString = 89324B492459312C002E0DA4;
			remoteInfo = CucumberishExample;
		};
		89324B6C2459312F002E0DA4 /* PBXContainerItemProxy */ = {
			isa = PBXContainerItemProxy;
			containerPortal = 89324B422459312C002E0DA4 /* Project object */;
			proxyType = 1;
			remoteGlobalIDString = 89324B492459312C002E0DA4;
			remoteInfo = CucumberishExample;
		};
/* End PBXContainerItemProxy section */

/* Begin PBXFileReference section */
		18C240BD6872BFDD3B504B5D /* Pods-CucumberishExample.debug.xcconfig */ = {isa = PBXFileReference; includeInIndex = 1; lastKnownFileType = text.xcconfig; name = "Pods-CucumberishExample.debug.xcconfig"; path = "Target Support Files/Pods-CucumberishExample/Pods-CucumberishExample.debug.xcconfig"; sourceTree = "<group>"; };
		21FA6248A253BC642E31EC4B /* Pods-CucumberishExampleUITests.debug.xcconfig */ = {isa = PBXFileReference; includeInIndex = 1; lastKnownFileType = text.xcconfig; name = "Pods-CucumberishExampleUITests.debug.xcconfig"; path = "Target Support Files/Pods-CucumberishExampleUITests/Pods-CucumberishExampleUITests.debug.xcconfig"; sourceTree = "<group>"; };
		377B5C93B68B3077E6303266 /* Pods-CucumberishExampleTests.debug.xcconfig */ = {isa = PBXFileReference; includeInIndex = 1; lastKnownFileType = text.xcconfig; name = "Pods-CucumberishExampleTests.debug.xcconfig"; path = "Target Support Files/Pods-CucumberishExampleTests/Pods-CucumberishExampleTests.debug.xcconfig"; sourceTree = "<group>"; };
		55FC11EF89D7A9B200FD38CE /* Pods_CucumberishExample.framework */ = {isa = PBXFileReference; explicitFileType = wrapper.framework; includeInIndex = 0; path = Pods_CucumberishExample.framework; sourceTree = BUILT_PRODUCTS_DIR; };
		6A93E6DB986448864D29BE97 /* Pods-CucumberishExampleTests.release.xcconfig */ = {isa = PBXFileReference; includeInIndex = 1; lastKnownFileType = text.xcconfig; name = "Pods-CucumberishExampleTests.release.xcconfig"; path = "Target Support Files/Pods-CucumberishExampleTests/Pods-CucumberishExampleTests.release.xcconfig"; sourceTree = "<group>"; };
		7411FDFEC85C07DE05F0F619 /* Pods-CucumberishExample.release.xcconfig */ = {isa = PBXFileReference; includeInIndex = 1; lastKnownFileType = text.xcconfig; name = "Pods-CucumberishExample.release.xcconfig"; path = "Target Support Files/Pods-CucumberishExample/Pods-CucumberishExample.release.xcconfig"; sourceTree = "<group>"; };
		7B948370C13A51CB2A34EA20 /* Pods_CucumberishExampleUITests.framework */ = {isa = PBXFileReference; explicitFileType = wrapper.framework; includeInIndex = 0; path = Pods_CucumberishExampleUITests.framework; sourceTree = BUILT_PRODUCTS_DIR; };
		89324B4A2459312C002E0DA4 /* CucumberishExample.app */ = {isa = PBXFileReference; explicitFileType = wrapper.application; includeInIndex = 0; path = CucumberishExample.app; sourceTree = BUILT_PRODUCTS_DIR; };
		89324B4D2459312C002E0DA4 /* AppDelegate.swift */ = {isa = PBXFileReference; lastKnownFileType = sourcecode.swift; path = AppDelegate.swift; sourceTree = "<group>"; };
		89324B4F2459312C002E0DA4 /* SceneDelegate.swift */ = {isa = PBXFileReference; lastKnownFileType = sourcecode.swift; path = SceneDelegate.swift; sourceTree = "<group>"; };
		89324B512459312C002E0DA4 /* ContentView.swift */ = {isa = PBXFileReference; lastKnownFileType = sourcecode.swift; path = ContentView.swift; sourceTree = "<group>"; };
		89324B532459312F002E0DA4 /* Assets.xcassets */ = {isa = PBXFileReference; lastKnownFileType = folder.assetcatalog; path = Assets.xcassets; sourceTree = "<group>"; };
		89324B562459312F002E0DA4 /* Preview Assets.xcassets */ = {isa = PBXFileReference; lastKnownFileType = folder.assetcatalog; path = "Preview Assets.xcassets"; sourceTree = "<group>"; };
		89324B592459312F002E0DA4 /* Base */ = {isa = PBXFileReference; lastKnownFileType = file.storyboard; name = Base; path = Base.lproj/LaunchScreen.storyboard; sourceTree = "<group>"; };
		89324B5B2459312F002E0DA4 /* Info.plist */ = {isa = PBXFileReference; lastKnownFileType = text.plist.xml; path = Info.plist; sourceTree = "<group>"; };
		89324B602459312F002E0DA4 /* CucumberishExampleTests.xctest */ = {isa = PBXFileReference; explicitFileType = wrapper.cfbundle; includeInIndex = 0; path = CucumberishExampleTests.xctest; sourceTree = BUILT_PRODUCTS_DIR; };
		89324B642459312F002E0DA4 /* CucumberishExampleTests.swift */ = {isa = PBXFileReference; lastKnownFileType = sourcecode.swift; path = CucumberishExampleTests.swift; sourceTree = "<group>"; };
		89324B662459312F002E0DA4 /* Info.plist */ = {isa = PBXFileReference; lastKnownFileType = text.plist.xml; path = Info.plist; sourceTree = "<group>"; };
		89324B6B2459312F002E0DA4 /* CucumberishExampleUITests.xctest */ = {isa = PBXFileReference; explicitFileType = wrapper.cfbundle; includeInIndex = 0; path = CucumberishExampleUITests.xctest; sourceTree = BUILT_PRODUCTS_DIR; };
		89324B712459312F002E0DA4 /* Info.plist */ = {isa = PBXFileReference; lastKnownFileType = text.plist.xml; path = Info.plist; sourceTree = "<group>"; };
		89324B82245935EB002E0DA4 /* Features */ = {isa = PBXFileReference; lastKnownFileType = folder; path = Features; sourceTree = "<group>"; };
		89324B84245935F8002E0DA4 /* CucumberishExampleUITests-Bridging-Header.h */ = {isa = PBXFileReference; lastKnownFileType = sourcecode.c.h; path = "CucumberishExampleUITests-Bridging-Header.h"; sourceTree = "<group>"; };
		89324B85245935F9002E0DA4 /* CucumberishLoader.m */ = {isa = PBXFileReference; lastKnownFileType = sourcecode.c.objc; path = CucumberishLoader.m; sourceTree = "<group>"; };
		89324B8724593665002E0DA4 /* CucumberishInitializer.swift */ = {isa = PBXFileReference; lastKnownFileType = sourcecode.swift; path = CucumberishInitializer.swift; sourceTree = "<group>"; };
		89324B8B24593FB2002E0DA4 /* ButtonMatchers.swift */ = {isa = PBXFileReference; lastKnownFileType = sourcecode.swift; path = ButtonMatchers.swift; sourceTree = "<group>"; };
		89324B8D24594040002E0DA4 /* AllMatchers.swift */ = {isa = PBXFileReference; lastKnownFileType = sourcecode.swift; path = AllMatchers.swift; sourceTree = "<group>"; };
		B00EFE1971779F4D72388CB8 /* Pods_CucumberishExampleTests.framework */ = {isa = PBXFileReference; explicitFileType = wrapper.framework; includeInIndex = 0; path = Pods_CucumberishExampleTests.framework; sourceTree = BUILT_PRODUCTS_DIR; };
		BADA8DB4B79D2563653AC6E7 /* Pods-CucumberishExampleUITests.release.xcconfig */ = {isa = PBXFileReference; includeInIndex = 1; lastKnownFileType = text.xcconfig; name = "Pods-CucumberishExampleUITests.release.xcconfig"; path = "Target Support Files/Pods-CucumberishExampleUITests/Pods-CucumberishExampleUITests.release.xcconfig"; sourceTree = "<group>"; };
/* End PBXFileReference section */

/* Begin PBXFrameworksBuildPhase section */
		89324B472459312C002E0DA4 /* Frameworks */ = {
			isa = PBXFrameworksBuildPhase;
			buildActionMask = 2147483647;
			files = (
				2F6D3F0E74883C36F7546B91 /* Pods_CucumberishExample.framework in Frameworks */,
			);
			runOnlyForDeploymentPostprocessing = 0;
		};
		89324B5D2459312F002E0DA4 /* Frameworks */ = {
			isa = PBXFrameworksBuildPhase;
			buildActionMask = 2147483647;
			files = (
				7A0F9A39EAFA9661BD42D86F /* Pods_CucumberishExampleTests.framework in Frameworks */,
			);
			runOnlyForDeploymentPostprocessing = 0;
		};
		89324B682459312F002E0DA4 /* Frameworks */ = {
			isa = PBXFrameworksBuildPhase;
			buildActionMask = 2147483647;
			files = (
				2A919EBF61B832E637F8EEFA /* Pods_CucumberishExampleUITests.framework in Frameworks */,
			);
			runOnlyForDeploymentPostprocessing = 0;
		};
/* End PBXFrameworksBuildPhase section */

/* Begin PBXGroup section */
		07AD76E190473454899DF883 /* Frameworks */ = {
			isa = PBXGroup;
			children = (
				55FC11EF89D7A9B200FD38CE /* Pods_CucumberishExample.framework */,
				B00EFE1971779F4D72388CB8 /* Pods_CucumberishExampleTests.framework */,
				7B948370C13A51CB2A34EA20 /* Pods_CucumberishExampleUITests.framework */,
			);
			name = Frameworks;
			sourceTree = "<group>";
		};
		89324B412459312C002E0DA4 = {
			isa = PBXGroup;
			children = (
				89324B4C2459312C002E0DA4 /* CucumberishExample */,
				89324B632459312F002E0DA4 /* CucumberishExampleTests */,
				89324B6E2459312F002E0DA4 /* CucumberishExampleUITests */,
				89324B4B2459312C002E0DA4 /* Products */,
				FA7668EE9CA14D2F20C9C1D0 /* Pods */,
				07AD76E190473454899DF883 /* Frameworks */,
			);
			sourceTree = "<group>";
		};
		89324B4B2459312C002E0DA4 /* Products */ = {
			isa = PBXGroup;
			children = (
				89324B4A2459312C002E0DA4 /* CucumberishExample.app */,
				89324B602459312F002E0DA4 /* CucumberishExampleTests.xctest */,
				89324B6B2459312F002E0DA4 /* CucumberishExampleUITests.xctest */,
			);
			name = Products;
			sourceTree = "<group>";
		};
		89324B4C2459312C002E0DA4 /* CucumberishExample */ = {
			isa = PBXGroup;
			children = (
				89324B4D2459312C002E0DA4 /* AppDelegate.swift */,
				89324B4F2459312C002E0DA4 /* SceneDelegate.swift */,
				89324B512459312C002E0DA4 /* ContentView.swift */,
				89324B532459312F002E0DA4 /* Assets.xcassets */,
				89324B582459312F002E0DA4 /* LaunchScreen.storyboard */,
				89324B5B2459312F002E0DA4 /* Info.plist */,
				89324B552459312F002E0DA4 /* Preview Content */,
			);
			path = CucumberishExample;
			sourceTree = "<group>";
		};
		89324B552459312F002E0DA4 /* Preview Content */ = {
			isa = PBXGroup;
			children = (
				89324B562459312F002E0DA4 /* Preview Assets.xcassets */,
			);
			path = "Preview Content";
			sourceTree = "<group>";
		};
		89324B632459312F002E0DA4 /* CucumberishExampleTests */ = {
			isa = PBXGroup;
			children = (
				89324B642459312F002E0DA4 /* CucumberishExampleTests.swift */,
				89324B662459312F002E0DA4 /* Info.plist */,
			);
			path = CucumberishExampleTests;
			sourceTree = "<group>";
		};
		89324B6E2459312F002E0DA4 /* CucumberishExampleUITests */ = {
			isa = PBXGroup;
			children = (
				89324B8A24593677002E0DA4 /* CucumberishSupport */,
				89324B82245935EB002E0DA4 /* Features */,
				89324B712459312F002E0DA4 /* Info.plist */,
				89324B84245935F8002E0DA4 /* CucumberishExampleUITests-Bridging-Header.h */,
			);
			path = CucumberishExampleUITests;
			sourceTree = "<group>";
		};
		89324B8A24593677002E0DA4 /* CucumberishSupport */ = {
			isa = PBXGroup;
			children = (
				89324B85245935F9002E0DA4 /* CucumberishLoader.m */,
				89324B8724593665002E0DA4 /* CucumberishInitializer.swift */,
				89324B8B24593FB2002E0DA4 /* ButtonMatchers.swift */,
				89324B8D24594040002E0DA4 /* AllMatchers.swift */,
			);
			path = CucumberishSupport;
			sourceTree = "<group>";
		};
		FA7668EE9CA14D2F20C9C1D0 /* Pods */ = {
			isa = PBXGroup;
			children = (
				18C240BD6872BFDD3B504B5D /* Pods-CucumberishExample.debug.xcconfig */,
				7411FDFEC85C07DE05F0F619 /* Pods-CucumberishExample.release.xcconfig */,
				377B5C93B68B3077E6303266 /* Pods-CucumberishExampleTests.debug.xcconfig */,
				6A93E6DB986448864D29BE97 /* Pods-CucumberishExampleTests.release.xcconfig */,
				21FA6248A253BC642E31EC4B /* Pods-CucumberishExampleUITests.debug.xcconfig */,
				BADA8DB4B79D2563653AC6E7 /* Pods-CucumberishExampleUITests.release.xcconfig */,
			);
			path = Pods;
			sourceTree = "<group>";
		};
/* End PBXGroup section */

/* Begin PBXNativeTarget section */
		89324B492459312C002E0DA4 /* CucumberishExample */ = {
			isa = PBXNativeTarget;
			buildConfigurationList = 89324B742459312F002E0DA4 /* Build configuration list for PBXNativeTarget "CucumberishExample" */;
			buildPhases = (
				4509870402D17E082D98D9BD /* [CP] Check Pods Manifest.lock */,
				89324B462459312C002E0DA4 /* Sources */,
				89324B472459312C002E0DA4 /* Frameworks */,
				89324B482459312C002E0DA4 /* Resources */,
			);
			buildRules = (
			);
			dependencies = (
			);
			name = CucumberishExample;
			productName = CucumberishExample;
			productReference = 89324B4A2459312C002E0DA4 /* CucumberishExample.app */;
			productType = "com.apple.product-type.application";
		};
		89324B5F2459312F002E0DA4 /* CucumberishExampleTests */ = {
			isa = PBXNativeTarget;
			buildConfigurationList = 89324B772459312F002E0DA4 /* Build configuration list for PBXNativeTarget "CucumberishExampleTests" */;
			buildPhases = (
				CBD8D971AB7A726FF260956A /* [CP] Check Pods Manifest.lock */,
				89324B5C2459312F002E0DA4 /* Sources */,
				89324B5D2459312F002E0DA4 /* Frameworks */,
				89324B5E2459312F002E0DA4 /* Resources */,
			);
			buildRules = (
			);
			dependencies = (
				89324B622459312F002E0DA4 /* PBXTargetDependency */,
			);
			name = CucumberishExampleTests;
			productName = CucumberishExampleTests;
			productReference = 89324B602459312F002E0DA4 /* CucumberishExampleTests.xctest */;
			productType = "com.apple.product-type.bundle.unit-test";
		};
		89324B6A2459312F002E0DA4 /* CucumberishExampleUITests */ = {
			isa = PBXNativeTarget;
			buildConfigurationList = 89324B7A2459312F002E0DA4 /* Build configuration list for PBXNativeTarget "CucumberishExampleUITests" */;
			buildPhases = (
				34AC64D5FCDC42230184FBCB /* [CP] Check Pods Manifest.lock */,
				89324B672459312F002E0DA4 /* Sources */,
				89324B682459312F002E0DA4 /* Frameworks */,
				89324B692459312F002E0DA4 /* Resources */,
				11BE46E06E80B29075C285E3 /* [CP] Embed Pods Frameworks */,
			);
			buildRules = (
			);
			dependencies = (
				89324B6D2459312F002E0DA4 /* PBXTargetDependency */,
			);
			name = CucumberishExampleUITests;
			productName = CucumberishExampleUITests;
			productReference = 89324B6B2459312F002E0DA4 /* CucumberishExampleUITests.xctest */;
			productType = "com.apple.product-type.bundle.ui-testing";
		};
/* End PBXNativeTarget section */

/* Begin PBXProject section */
		89324B422459312C002E0DA4 /* Project object */ = {
			isa = PBXProject;
			attributes = {
				LastSwiftUpdateCheck = 1140;
				LastUpgradeCheck = 1140;
				ORGANIZATIONNAME = "Adam Price";
				TargetAttributes = {
					89324B492459312C002E0DA4 = {
						CreatedOnToolsVersion = 11.4.1;
					};
					89324B5F2459312F002E0DA4 = {
						CreatedOnToolsVersion = 11.4.1;
						TestTargetID = 89324B492459312C002E0DA4;
					};
					89324B6A2459312F002E0DA4 = {
						CreatedOnToolsVersion = 11.4.1;
						LastSwiftMigration = 1140;
						TestTargetID = 89324B492459312C002E0DA4;
					};
				};
			};
			buildConfigurationList = 89324B452459312C002E0DA4 /* Build configuration list for PBXProject "CucumberishExample" */;
			compatibilityVersion = "Xcode 9.3";
			developmentRegion = en;
			hasScannedForEncodings = 0;
			knownRegions = (
				en,
				Base,
			);
			mainGroup = 89324B412459312C002E0DA4;
			productRefGroup = 89324B4B2459312C002E0DA4 /* Products */;
			projectDirPath = "";
			projectRoot = "";
			targets = (
				89324B492459312C002E0DA4 /* CucumberishExample */,
				89324B5F2459312F002E0DA4 /* CucumberishExampleTests */,
				89324B6A2459312F002E0DA4 /* CucumberishExampleUITests */,
			);
		};
/* End PBXProject section */

/* Begin PBXResourcesBuildPhase section */
		89324B482459312C002E0DA4 /* Resources */ = {
			isa = PBXResourcesBuildPhase;
			buildActionMask = 2147483647;
			files = (
				89324B5A2459312F002E0DA4 /* LaunchScreen.storyboard in Resources */,
				89324B572459312F002E0DA4 /* Preview Assets.xcassets in Resources */,
				89324B542459312F002E0DA4 /* Assets.xcassets in Resources */,
			);
			runOnlyForDeploymentPostprocessing = 0;
		};
		89324B5E2459312F002E0DA4 /* Resources */ = {
			isa = PBXResourcesBuildPhase;
			buildActionMask = 2147483647;
			files = (
			);
			runOnlyForDeploymentPostprocessing = 0;
		};
		89324B692459312F002E0DA4 /* Resources */ = {
			isa = PBXResourcesBuildPhase;
			buildActionMask = 2147483647;
			files = (
				89324B83245935EB002E0DA4 /* Features in Resources */,
			);
			runOnlyForDeploymentPostprocessing = 0;
		};
/* End PBXResourcesBuildPhase section */

/* Begin PBXShellScriptBuildPhase section */
		11BE46E06E80B29075C285E3 /* [CP] Embed Pods Frameworks */ = {
			isa = PBXShellScriptBuildPhase;
			buildActionMask = 2147483647;
			files = (
			);
			inputFileListPaths = (
				"${PODS_ROOT}/Target Support Files/Pods-CucumberishExampleUITests/Pods-CucumberishExampleUITests-frameworks-${CONFIGURATION}-input-files.xcfilelist",
			);
			name = "[CP] Embed Pods Frameworks";
			outputFileListPaths = (
				"${PODS_ROOT}/Target Support Files/Pods-CucumberishExampleUITests/Pods-CucumberishExampleUITests-frameworks-${CONFIGURATION}-output-files.xcfilelist",
			);
			runOnlyForDeploymentPostprocessing = 0;
			shellPath = /bin/sh;
			shellScript = "\"${PODS_ROOT}/Target Support Files/Pods-CucumberishExampleUITests/Pods-CucumberishExampleUITests-frameworks.sh\"\n";
			showEnvVarsInLog = 0;
		};
		34AC64D5FCDC42230184FBCB /* [CP] Check Pods Manifest.lock */ = {
			isa = PBXShellScriptBuildPhase;
			buildActionMask = 2147483647;
			files = (
			);
			inputFileListPaths = (
			);
			inputPaths = (
				"${PODS_PODFILE_DIR_PATH}/Podfile.lock",
				"${PODS_ROOT}/Manifest.lock",
			);
			name = "[CP] Check Pods Manifest.lock";
			outputFileListPaths = (
			);
			outputPaths = (
				"$(DERIVED_FILE_DIR)/Pods-CucumberishExampleUITests-checkManifestLockResult.txt",
			);
			runOnlyForDeploymentPostprocessing = 0;
			shellPath = /bin/sh;
			shellScript = "diff \"${PODS_PODFILE_DIR_PATH}/Podfile.lock\" \"${PODS_ROOT}/Manifest.lock\" > /dev/null\nif [ $? != 0 ] ; then\n    # print error to STDERR\n    echo \"error: The sandbox is not in sync with the Podfile.lock. Run 'pod install' or update your CocoaPods installation.\" >&2\n    exit 1\nfi\n# This output is used by Xcode 'outputs' to avoid re-running this script phase.\necho \"SUCCESS\" > \"${SCRIPT_OUTPUT_FILE_0}\"\n";
			showEnvVarsInLog = 0;
		};
		4509870402D17E082D98D9BD /* [CP] Check Pods Manifest.lock */ = {
			isa = PBXShellScriptBuildPhase;
			buildActionMask = 2147483647;
			files = (
			);
			inputFileListPaths = (
			);
			inputPaths = (
				"${PODS_PODFILE_DIR_PATH}/Podfile.lock",
				"${PODS_ROOT}/Manifest.lock",
			);
			name = "[CP] Check Pods Manifest.lock";
			outputFileListPaths = (
			);
			outputPaths = (
				"$(DERIVED_FILE_DIR)/Pods-CucumberishExample-checkManifestLockResult.txt",
			);
			runOnlyForDeploymentPostprocessing = 0;
			shellPath = /bin/sh;
			shellScript = "diff \"${PODS_PODFILE_DIR_PATH}/Podfile.lock\" \"${PODS_ROOT}/Manifest.lock\" > /dev/null\nif [ $? != 0 ] ; then\n    # print error to STDERR\n    echo \"error: The sandbox is not in sync with the Podfile.lock. Run 'pod install' or update your CocoaPods installation.\" >&2\n    exit 1\nfi\n# This output is used by Xcode 'outputs' to avoid re-running this script phase.\necho \"SUCCESS\" > \"${SCRIPT_OUTPUT_FILE_0}\"\n";
			showEnvVarsInLog = 0;
		};
		CBD8D971AB7A726FF260956A /* [CP] Check Pods Manifest.lock */ = {
			isa = PBXShellScriptBuildPhase;
			buildActionMask = 2147483647;
			files = (
			);
			inputFileListPaths = (
			);
			inputPaths = (
				"${PODS_PODFILE_DIR_PATH}/Podfile.lock",
				"${PODS_ROOT}/Manifest.lock",
			);
			name = "[CP] Check Pods Manifest.lock";
			outputFileListPaths = (
			);
			outputPaths = (
				"$(DERIVED_FILE_DIR)/Pods-CucumberishExampleTests-checkManifestLockResult.txt",
			);
			runOnlyForDeploymentPostprocessing = 0;
			shellPath = /bin/sh;
			shellScript = "diff \"${PODS_PODFILE_DIR_PATH}/Podfile.lock\" \"${PODS_ROOT}/Manifest.lock\" > /dev/null\nif [ $? != 0 ] ; then\n    # print error to STDERR\n    echo \"error: The sandbox is not in sync with the Podfile.lock. Run 'pod install' or update your CocoaPods installation.\" >&2\n    exit 1\nfi\n# This output is used by Xcode 'outputs' to avoid re-running this script phase.\necho \"SUCCESS\" > \"${SCRIPT_OUTPUT_FILE_0}\"\n";
			showEnvVarsInLog = 0;
		};
/* End PBXShellScriptBuildPhase section */

/* Begin PBXSourcesBuildPhase section */
		89324B462459312C002E0DA4 /* Sources */ = {
			isa = PBXSourcesBuildPhase;
			buildActionMask = 2147483647;
			files = (
				89324B4E2459312C002E0DA4 /* AppDelegate.swift in Sources */,
				89324B502459312C002E0DA4 /* SceneDelegate.swift in Sources */,
				89324B522459312C002E0DA4 /* ContentView.swift in Sources */,
			);
			runOnlyForDeploymentPostprocessing = 0;
		};
		89324B5C2459312F002E0DA4 /* Sources */ = {
			isa = PBXSourcesBuildPhase;
			buildActionMask = 2147483647;
			files = (
				89324B652459312F002E0DA4 /* CucumberishExampleTests.swift in Sources */,
			);
			runOnlyForDeploymentPostprocessing = 0;
		};
		89324B672459312F002E0DA4 /* Sources */ = {
			isa = PBXSourcesBuildPhase;
			buildActionMask = 2147483647;
			files = (
				89324B8E24594040002E0DA4 /* AllMatchers.swift in Sources */,
				89324B8824593665002E0DA4 /* CucumberishInitializer.swift in Sources */,
				89324B86245935F9002E0DA4 /* CucumberishLoader.m in Sources */,
				89324B8C24593FB2002E0DA4 /* ButtonMatchers.swift in Sources */,
			);
			runOnlyForDeploymentPostprocessing = 0;
		};
/* End PBXSourcesBuildPhase section */

/* Begin PBXTargetDependency section */
		89324B622459312F002E0DA4 /* PBXTargetDependency */ = {
			isa = PBXTargetDependency;
			target = 89324B492459312C002E0DA4 /* CucumberishExample */;
			targetProxy = 89324B612459312F002E0DA4 /* PBXContainerItemProxy */;
		};
		89324B6D2459312F002E0DA4 /* PBXTargetDependency */ = {
			isa = PBXTargetDependency;
			target = 89324B492459312C002E0DA4 /* CucumberishExample */;
			targetProxy = 89324B6C2459312F002E0DA4 /* PBXContainerItemProxy */;
		};
/* End PBXTargetDependency section */

/* Begin PBXVariantGroup section */
		89324B582459312F002E0DA4 /* LaunchScreen.storyboard */ = {
			isa = PBXVariantGroup;
			children = (
				89324B592459312F002E0DA4 /* Base */,
			);
			name = LaunchScreen.storyboard;
			sourceTree = "<group>";
		};
/* End PBXVariantGroup section */

/* Begin XCBuildConfiguration section */
		89324B722459312F002E0DA4 /* Debug */ = {
			isa = XCBuildConfiguration;
			buildSettings = {
				ALWAYS_SEARCH_USER_PATHS = NO;
				CLANG_ANALYZER_NONNULL = YES;
				CLANG_ANALYZER_NUMBER_OBJECT_CONVERSION = YES_AGGRESSIVE;
				CLANG_CXX_LANGUAGE_STANDARD = "gnu++14";
				CLANG_CXX_LIBRARY = "libc++";
				CLANG_ENABLE_MODULES = YES;
				CLANG_ENABLE_OBJC_ARC = YES;
				CLANG_ENABLE_OBJC_WEAK = YES;
				CLANG_WARN_BLOCK_CAPTURE_AUTORELEASING = YES;
				CLANG_WARN_BOOL_CONVERSION = YES;
				CLANG_WARN_COMMA = YES;
				CLANG_WARN_CONSTANT_CONVERSION = YES;
				CLANG_WARN_DEPRECATED_OBJC_IMPLEMENTATIONS = YES;
				CLANG_WARN_DIRECT_OBJC_ISA_USAGE = YES_ERROR;
				CLANG_WARN_DOCUMENTATION_COMMENTS = YES;
				CLANG_WARN_EMPTY_BODY = YES;
				CLANG_WARN_ENUM_CONVERSION = YES;
				CLANG_WARN_INFINITE_RECURSION = YES;
				CLANG_WARN_INT_CONVERSION = YES;
				CLANG_WARN_NON_LITERAL_NULL_CONVERSION = YES;
				CLANG_WARN_OBJC_IMPLICIT_RETAIN_SELF = YES;
				CLANG_WARN_OBJC_LITERAL_CONVERSION = YES;
				CLANG_WARN_OBJC_ROOT_CLASS = YES_ERROR;
				CLANG_WARN_RANGE_LOOP_ANALYSIS = YES;
				CLANG_WARN_STRICT_PROTOTYPES = YES;
				CLANG_WARN_SUSPICIOUS_MOVE = YES;
				CLANG_WARN_UNGUARDED_AVAILABILITY = YES_AGGRESSIVE;
				CLANG_WARN_UNREACHABLE_CODE = YES;
				CLANG_WARN__DUPLICATE_METHOD_MATCH = YES;
				COPY_PHASE_STRIP = NO;
				DEBUG_INFORMATION_FORMAT = dwarf;
				ENABLE_STRICT_OBJC_MSGSEND = YES;
				ENABLE_TESTABILITY = YES;
				GCC_C_LANGUAGE_STANDARD = gnu11;
				GCC_DYNAMIC_NO_PIC = NO;
				GCC_NO_COMMON_BLOCKS = YES;
				GCC_OPTIMIZATION_LEVEL = 0;
				GCC_PREPROCESSOR_DEFINITIONS = (
					"DEBUG=1",
					"$(inherited)",
				);
				GCC_WARN_64_TO_32_BIT_CONVERSION = YES;
				GCC_WARN_ABOUT_RETURN_TYPE = YES_ERROR;
				GCC_WARN_UNDECLARED_SELECTOR = YES;
				GCC_WARN_UNINITIALIZED_AUTOS = YES_AGGRESSIVE;
				GCC_WARN_UNUSED_FUNCTION = YES;
				GCC_WARN_UNUSED_VARIABLE = YES;
				IPHONEOS_DEPLOYMENT_TARGET = 13.4;
				MTL_ENABLE_DEBUG_INFO = INCLUDE_SOURCE;
				MTL_FAST_MATH = YES;
				ONLY_ACTIVE_ARCH = YES;
				SDKROOT = iphoneos;
				SWIFT_ACTIVE_COMPILATION_CONDITIONS = DEBUG;
				SWIFT_OPTIMIZATION_LEVEL = "-Onone";
			};
			name = Debug;
		};
		89324B732459312F002E0DA4 /* Release */ = {
			isa = XCBuildConfiguration;
			buildSettings = {
				ALWAYS_SEARCH_USER_PATHS = NO;
				CLANG_ANALYZER_NONNULL = YES;
				CLANG_ANALYZER_NUMBER_OBJECT_CONVERSION = YES_AGGRESSIVE;
				CLANG_CXX_LANGUAGE_STANDARD = "gnu++14";
				CLANG_CXX_LIBRARY = "libc++";
				CLANG_ENABLE_MODULES = YES;
				CLANG_ENABLE_OBJC_ARC = YES;
				CLANG_ENABLE_OBJC_WEAK = YES;
				CLANG_WARN_BLOCK_CAPTURE_AUTORELEASING = YES;
				CLANG_WARN_BOOL_CONVERSION = YES;
				CLANG_WARN_COMMA = YES;
				CLANG_WARN_CONSTANT_CONVERSION = YES;
				CLANG_WARN_DEPRECATED_OBJC_IMPLEMENTATIONS = YES;
				CLANG_WARN_DIRECT_OBJC_ISA_USAGE = YES_ERROR;
				CLANG_WARN_DOCUMENTATION_COMMENTS = YES;
				CLANG_WARN_EMPTY_BODY = YES;
				CLANG_WARN_ENUM_CONVERSION = YES;
				CLANG_WARN_INFINITE_RECURSION = YES;
				CLANG_WARN_INT_CONVERSION = YES;
				CLANG_WARN_NON_LITERAL_NULL_CONVERSION = YES;
				CLANG_WARN_OBJC_IMPLICIT_RETAIN_SELF = YES;
				CLANG_WARN_OBJC_LITERAL_CONVERSION = YES;
				CLANG_WARN_OBJC_ROOT_CLASS = YES_ERROR;
				CLANG_WARN_RANGE_LOOP_ANALYSIS = YES;
				CLANG_WARN_STRICT_PROTOTYPES = YES;
				CLANG_WARN_SUSPICIOUS_MOVE = YES;
				CLANG_WARN_UNGUARDED_AVAILABILITY = YES_AGGRESSIVE;
				CLANG_WARN_UNREACHABLE_CODE = YES;
				CLANG_WARN__DUPLICATE_METHOD_MATCH = YES;
				COPY_PHASE_STRIP = NO;
				DEBUG_INFORMATION_FORMAT = "dwarf-with-dsym";
				ENABLE_NS_ASSERTIONS = NO;
				ENABLE_STRICT_OBJC_MSGSEND = YES;
				GCC_C_LANGUAGE_STANDARD = gnu11;
				GCC_NO_COMMON_BLOCKS = YES;
				GCC_WARN_64_TO_32_BIT_CONVERSION = YES;
				GCC_WARN_ABOUT_RETURN_TYPE = YES_ERROR;
				GCC_WARN_UNDECLARED_SELECTOR = YES;
				GCC_WARN_UNINITIALIZED_AUTOS = YES_AGGRESSIVE;
				GCC_WARN_UNUSED_FUNCTION = YES;
				GCC_WARN_UNUSED_VARIABLE = YES;
				IPHONEOS_DEPLOYMENT_TARGET = 13.4;
				MTL_ENABLE_DEBUG_INFO = NO;
				MTL_FAST_MATH = YES;
				SDKROOT = iphoneos;
				SWIFT_COMPILATION_MODE = wholemodule;
				SWIFT_OPTIMIZATION_LEVEL = "-O";
				VALIDATE_PRODUCT = YES;
			};
			name = Release;
		};
		89324B752459312F002E0DA4 /* Debug */ = {
			isa = XCBuildConfiguration;
			baseConfigurationReference = 18C240BD6872BFDD3B504B5D /* Pods-CucumberishExample.debug.xcconfig */;
			buildSettings = {
				ASSETCATALOG_COMPILER_APPICON_NAME = AppIcon;
				CODE_SIGN_STYLE = Automatic;
				DEVELOPMENT_ASSET_PATHS = "\"CucumberishExample/Preview Content\"";
				ENABLE_PREVIEWS = YES;
				INFOPLIST_FILE = CucumberishExample/Info.plist;
				LD_RUNPATH_SEARCH_PATHS = (
					"$(inherited)",
					"@executable_path/Frameworks",
				);
				PRODUCT_BUNDLE_IDENTIFIER = com.butterflynetinc.CucumberishExample;
				PRODUCT_NAME = "$(TARGET_NAME)";
				SWIFT_VERSION = 5.0;
				TARGETED_DEVICE_FAMILY = "1,2";
			};
			name = Debug;
		};
		89324B762459312F002E0DA4 /* Release */ = {
			isa = XCBuildConfiguration;
			baseConfigurationReference = 7411FDFEC85C07DE05F0F619 /* Pods-CucumberishExample.release.xcconfig */;
			buildSettings = {
				ASSETCATALOG_COMPILER_APPICON_NAME = AppIcon;
				CODE_SIGN_STYLE = Automatic;
				DEVELOPMENT_ASSET_PATHS = "\"CucumberishExample/Preview Content\"";
				ENABLE_PREVIEWS = YES;
				INFOPLIST_FILE = CucumberishExample/Info.plist;
				LD_RUNPATH_SEARCH_PATHS = (
					"$(inherited)",
					"@executable_path/Frameworks",
				);
				PRODUCT_BUNDLE_IDENTIFIER = com.butterflynetinc.CucumberishExample;
				PRODUCT_NAME = "$(TARGET_NAME)";
				SWIFT_VERSION = 5.0;
				TARGETED_DEVICE_FAMILY = "1,2";
			};
			name = Release;
		};
		89324B782459312F002E0DA4 /* Debug */ = {
			isa = XCBuildConfiguration;
			baseConfigurationReference = 377B5C93B68B3077E6303266 /* Pods-CucumberishExampleTests.debug.xcconfig */;
			buildSettings = {
				ALWAYS_EMBED_SWIFT_STANDARD_LIBRARIES = YES;
				BUNDLE_LOADER = "$(TEST_HOST)";
				CODE_SIGN_STYLE = Automatic;
				INFOPLIST_FILE = CucumberishExampleTests/Info.plist;
				IPHONEOS_DEPLOYMENT_TARGET = 13.4;
				LD_RUNPATH_SEARCH_PATHS = (
					"$(inherited)",
					"@executable_path/Frameworks",
					"@loader_path/Frameworks",
				);
				PRODUCT_BUNDLE_IDENTIFIER = com.butterflynetinc.CucumberishExampleTests;
				PRODUCT_NAME = "$(TARGET_NAME)";
				SWIFT_VERSION = 5.0;
				TARGETED_DEVICE_FAMILY = "1,2";
				TEST_HOST = "$(BUILT_PRODUCTS_DIR)/CucumberishExample.app/CucumberishExample";
			};
			name = Debug;
		};
		89324B792459312F002E0DA4 /* Release */ = {
			isa = XCBuildConfiguration;
			baseConfigurationReference = 6A93E6DB986448864D29BE97 /* Pods-CucumberishExampleTests.release.xcconfig */;
			buildSettings = {
				ALWAYS_EMBED_SWIFT_STANDARD_LIBRARIES = YES;
				BUNDLE_LOADER = "$(TEST_HOST)";
				CODE_SIGN_STYLE = Automatic;
				INFOPLIST_FILE = CucumberishExampleTests/Info.plist;
				IPHONEOS_DEPLOYMENT_TARGET = 13.4;
				LD_RUNPATH_SEARCH_PATHS = (
					"$(inherited)",
					"@executable_path/Frameworks",
					"@loader_path/Frameworks",
				);
				PRODUCT_BUNDLE_IDENTIFIER = com.butterflynetinc.CucumberishExampleTests;
				PRODUCT_NAME = "$(TARGET_NAME)";
				SWIFT_VERSION = 5.0;
				TARGETED_DEVICE_FAMILY = "1,2";
				TEST_HOST = "$(BUILT_PRODUCTS_DIR)/CucumberishExample.app/CucumberishExample";
			};
			name = Release;
		};
		89324B7B2459312F002E0DA4 /* Debug */ = {
			isa = XCBuildConfiguration;
			baseConfigurationReference = 21FA6248A253BC642E31EC4B /* Pods-CucumberishExampleUITests.debug.xcconfig */;
			buildSettings = {
				ALWAYS_EMBED_SWIFT_STANDARD_LIBRARIES = YES;
				CLANG_ENABLE_MODULES = YES;
				CODE_SIGN_STYLE = Automatic;
				DEFINES_MODULE = YES;
				INFOPLIST_FILE = CucumberishExampleUITests/Info.plist;
				LD_RUNPATH_SEARCH_PATHS = (
					"$(inherited)",
					"@executable_path/Frameworks",
					"@loader_path/Frameworks",
				);
				PRODUCT_BUNDLE_IDENTIFIER = com.butterflynetinc.CucumberishExampleUITests;
				PRODUCT_NAME = "$(TARGET_NAME)";
				SWIFT_OBJC_BRIDGING_HEADER = "CucumberishExampleUITests/CucumberishExampleUITests-Bridging-Header.h";
				SWIFT_OPTIMIZATION_LEVEL = "-Onone";
				SWIFT_VERSION = 5.0;
				TARGETED_DEVICE_FAMILY = "1,2";
				TEST_TARGET_NAME = CucumberishExample;
			};
			name = Debug;
		};
		89324B7C2459312F002E0DA4 /* Release */ = {
			isa = XCBuildConfiguration;
			baseConfigurationReference = BADA8DB4B79D2563653AC6E7 /* Pods-CucumberishExampleUITests.release.xcconfig */;
			buildSettings = {
				ALWAYS_EMBED_SWIFT_STANDARD_LIBRARIES = YES;
				CLANG_ENABLE_MODULES = YES;
				CODE_SIGN_STYLE = Automatic;
				DEFINES_MODULE = YES;
				INFOPLIST_FILE = CucumberishExampleUITests/Info.plist;
				LD_RUNPATH_SEARCH_PATHS = (
					"$(inherited)",
					"@executable_path/Frameworks",
					"@loader_path/Frameworks",
				);
				PRODUCT_BUNDLE_IDENTIFIER = com.butterflynetinc.CucumberishExampleUITests;
				PRODUCT_NAME = "$(TARGET_NAME)";
				SWIFT_OBJC_BRIDGING_HEADER = "CucumberishExampleUITests/CucumberishExampleUITests-Bridging-Header.h";
				SWIFT_VERSION = 5.0;
				TARGETED_DEVICE_FAMILY = "1,2";
				TEST_TARGET_NAME = CucumberishExample;
			};
			name = Release;
		};
/* End XCBuildConfiguration section */

/* Begin XCConfigurationList section */
		89324B452459312C002E0DA4 /* Build configuration list for PBXProject "CucumberishExample" */ = {
			isa = XCConfigurationList;
			buildConfigurations = (
				89324B722459312F002E0DA4 /* Debug */,
				89324B732459312F002E0DA4 /* Release */,
			);
			defaultConfigurationIsVisible = 0;
			defaultConfigurationName = Release;
		};
		89324B742459312F002E0DA4 /* Build configuration list for PBXNativeTarget "CucumberishExample" */ = {
			isa = XCConfigurationList;
			buildConfigurations = (
				89324B752459312F002E0DA4 /* Debug */,
				89324B762459312F002E0DA4 /* Release */,
			);
			defaultConfigurationIsVisible = 0;
			defaultConfigurationName = Release;
		};
		89324B772459312F002E0DA4 /* Build configuration list for PBXNativeTarget "CucumberishExampleTests" */ = {
			isa = XCConfigurationList;
			buildConfigurations = (
				89324B782459312F002E0DA4 /* Debug */,
				89324B792459312F002E0DA4 /* Release */,
			);
			defaultConfigurationIsVisible = 0;
			defaultConfigurationName = Release;
		};
		89324B7A2459312F002E0DA4 /* Build configuration list for PBXNativeTarget "CucumberishExampleUITests" */ = {
			isa = XCConfigurationList;
			buildConfigurations = (
				89324B7B2459312F002E0DA4 /* Debug */,
				89324B7C2459312F002E0DA4 /* Release */,
			);
			defaultConfigurationIsVisible = 0;
			defaultConfigurationName = Release;
		};
/* End XCConfigurationList section */
	};
	rootObject = 89324B422459312C002E0DA4 /* Project object */;
}
